// !$*UTF8*$!
{
	archiveVersion = 1;
	classes = {
	};
	objectVersion = 48;
	objects = {

/* Begin PBXBuildFile section */
		D615A8101F73F9450091F746 /* Foundation.framework in Frameworks */ = {isa = PBXBuildFile; fileRef = D615A80E1F73F9350091F746 /* Foundation.framework */; };
		D615A8111F73F9470091F746 /* UIKit.framework in Frameworks */ = {isa = PBXBuildFile; fileRef = D615A80F1F73F9350091F746 /* UIKit.framework */; };
		D615A8121F73F9490091F746 /* CoreGraphics.framework in Frameworks */ = {isa = PBXBuildFile; fileRef = D615A80D1F73F9350091F746 /* CoreGraphics.framework */; };
		D615A8351F73FFE20091F746 /* jedu_do_pici_stadyma.m4a in Resources */ = {isa = PBXBuildFile; fileRef = D615A8171F73FFDF0091F746 /* jedu_do_pici_stadyma.m4a */; };
		D615A8361F73FFE20091F746 /* ani_za_kokot_vole.m4a in Resources */ = {isa = PBXBuildFile; fileRef = D615A8181F73FFDF0091F746 /* ani_za_kokot_vole.m4a */; };
		D615A8371F73FFE20091F746 /* kurva_do_pice_to_neni_mozne.m4a in Resources */ = {isa = PBXBuildFile; fileRef = D615A8191F73FFDF0091F746 /* kurva_do_pice_to_neni_mozne.m4a */; };
		D615A8381F73FFE20091F746 /* tuto_picu_potrebuju_utahnout.m4a in Resources */ = {isa = PBXBuildFile; fileRef = D615A81A1F73FFDF0091F746 /* tuto_picu_potrebuju_utahnout.m4a */; };
		D615A8391F73FFE20091F746 /* ja_se_z_toho_musim_pojebat.m4a in Resources */ = {isa = PBXBuildFile; fileRef = D615A81B1F73FFDF0091F746 /* ja_se_z_toho_musim_pojebat.m4a */; };
		D615A83A1F73FFE20091F746 /* kurva.m4a in Resources */ = {isa = PBXBuildFile; fileRef = D615A81C1F73FFDF0091F746 /* kurva.m4a */; };
		D615A83B1F73FFE20091F746 /* past_vedle_pasti_pico.m4a in Resources */ = {isa = PBXBuildFile; fileRef = D615A81D1F73FFDF0091F746 /* past_vedle_pasti_pico.m4a */; };
		D615A83C1F73FFE20091F746 /* ani_ocko_nenasadis.m4a in Resources */ = {isa = PBXBuildFile; fileRef = D615A81E1F73FFDF0091F746 /* ani_ocko_nenasadis.m4a */; };
		D615A83D1F73FFE20091F746 /* nejvetsi_blbec_na_zemekouli.m4a in Resources */ = {isa = PBXBuildFile; fileRef = D615A81F1F73FFDF0091F746 /* nejvetsi_blbec_na_zemekouli.m4a */; };
		D615A83E1F73FFE20091F746 /* tady_musis_vsechno_rozdelat.m4a in Resources */ = {isa = PBXBuildFile; fileRef = D615A8201F73FFDF0091F746 /* tady_musis_vsechno_rozdelat.m4a */; };
		D615A83F1F73FFE20091F746 /* jedinou_picovinku.m4a in Resources */ = {isa = PBXBuildFile; fileRef = D615A8211F73FFDF0091F746 /* jedinou_picovinku.m4a */; };
		D615A8401F73FFE20091F746 /* do_pice.m4a in Resources */ = {isa = PBXBuildFile; fileRef = D615A8221F73FFDF0091F746 /* do_pice.m4a */; };
		D615A8411F73FFE20091F746 /* to_neni_normalni_kurva.m4a in Resources */ = {isa = PBXBuildFile; fileRef = D615A8231F73FFE00091F746 /* to_neni_normalni_kurva.m4a */; };
		D615A8421F73FFE20091F746 /* hosi_to_je_neuveritelne.m4a in Resources */ = {isa = PBXBuildFile; fileRef = D615A8241F73FFE00091F746 /* hosi_to_je_neuveritelne.m4a */; };
		D615A8431F73FFE20091F746 /* to_sou_nervy_ty_pico.m4a in Resources */ = {isa = PBXBuildFile; fileRef = D615A8251F73FFE00091F746 /* to_sou_nervy_ty_pico.m4a */; };
		D615A8441F73FFE20091F746 /* neresitelny_problem_hosi.m4a in Resources */ = {isa = PBXBuildFile; fileRef = D615A8261F73FFE00091F746 /* neresitelny_problem_hosi.m4a */; };
		D615A8451F73FFE20091F746 /* abych_mohl_toto.m4a in Resources */ = {isa = PBXBuildFile; fileRef = D615A8271F73FFE00091F746 /* abych_mohl_toto.m4a */; };
		D615A8461F73FFE20091F746 /* ja_to_nejdu_delat.m4a in Resources */ = {isa = PBXBuildFile; fileRef = D615A8281F73FFE00091F746 /* ja_to_nejdu_delat.m4a */; };
		D615A8471F73FFE20091F746 /* ja_to_mrdam.m4a in Resources */ = {isa = PBXBuildFile; fileRef = D615A8291F73FFE00091F746 /* ja_to_mrdam.m4a */; };
		D615A8481F73FFE20091F746 /* nebudu_to_delat.m4a in Resources */ = {isa = PBXBuildFile; fileRef = D615A82A1F73FFE00091F746 /* nebudu_to_delat.m4a */; };
		D615A8491F73FFE20091F746 /* nenasadim.m4a in Resources */ = {isa = PBXBuildFile; fileRef = D615A82B1F73FFE00091F746 /* nenasadim.m4a */; };
		D615A84A1F73FFE20091F746 /* nevim_jak.m4a in Resources */ = {isa = PBXBuildFile; fileRef = D615A82C1F73FFE00091F746 /* nevim_jak.m4a */; };
		D615A84B1F73FFE20091F746 /* ne_nenasadis_ho.m4a in Resources */ = {isa = PBXBuildFile; fileRef = D615A82D1F73FFE10091F746 /* ne_nenasadis_ho.m4a */; };
		D615A84C1F73FFE20091F746 /* kurva_uz.m4a in Resources */ = {isa = PBXBuildFile; fileRef = D615A82E1F73FFE10091F746 /* kurva_uz.m4a */; };
		D615A84D1F73FFE20091F746 /* okamzite_zabit_ty_kurvy.m4a in Resources */ = {isa = PBXBuildFile; fileRef = D615A82F1F73FFE10091F746 /* okamzite_zabit_ty_kurvy.m4a */; };
		D615A84E1F73FFE20091F746 /* zasrane_zamrdane.m4a in Resources */ = {isa = PBXBuildFile; fileRef = D615A8301F73FFE10091F746 /* zasrane_zamrdane.m4a */; };
		D615A84F1F73FFE20091F746 /* banalni_vec.m4a in Resources */ = {isa = PBXBuildFile; fileRef = D615A8311F73FFE10091F746 /* banalni_vec.m4a */; };
		D615A8501F73FFE20091F746 /* to_je_pico_nemozne.m4a in Resources */ = {isa = PBXBuildFile; fileRef = D615A8321F73FFE10091F746 /* to_je_pico_nemozne.m4a */; };
		D615A8511F73FFE20091F746 /* hajzli_jedni.m4a in Resources */ = {isa = PBXBuildFile; fileRef = D615A8331F73FFE20091F746 /* hajzli_jedni.m4a */; };
		D615A8521F73FFE20091F746 /* pockej_kamo.m4a in Resources */ = {isa = PBXBuildFile; fileRef = D615A8341F73FFE20091F746 /* pockej_kamo.m4a */; };
		D615A8561F74008C0091F746 /* AVFoundation.framework in Frameworks */ = {isa = PBXBuildFile; fileRef = D615A8551F7400850091F746 /* AVFoundation.framework */; };
		EF21A9201F731CFE00DE8197 /* LaunchScreen.storyboard in Resources */ = {isa = PBXBuildFile; fileRef = EF21A91F1F731CFE00DE8197 /* LaunchScreen.storyboard */; };
		EF7482A41A294E310061C49F /* Default-568h@2x.png in Resources */ = {isa = PBXBuildFile; fileRef = EF7482A21A294E310061C49F /* Default-568h@2x.png */; };
		EF7482A51A294E310061C49F /* Default@2x.png in Resources */ = {isa = PBXBuildFile; fileRef = EF7482A31A294E310061C49F /* Default@2x.png */; };
		EF7482A81A2952670061C49F /* Icon@2x.png in Resources */ = {isa = PBXBuildFile; fileRef = EF7482A71A2952670061C49F /* Icon@2x.png */; };
		EF7482FD1A2965C30061C49F /* title@2x.png in Resources */ = {isa = PBXBuildFile; fileRef = EF7482FC1A2965C30061C49F /* title@2x.png */; };
		EFC0C13A1A29DD210080BA0E /* AppDelegate.m in Sources */ = {isa = PBXBuildFile; fileRef = EFC0C1371A29DD210080BA0E /* AppDelegate.m */; };
		EFC0C13B1A29DD210080BA0E /* ViewController.m in Sources */ = {isa = PBXBuildFile; fileRef = EFC0C1391A29DD210080BA0E /* ViewController.m */; };
		EFC0C1441A29DD5D0080BA0E /* main.m in Sources */ = {isa = PBXBuildFile; fileRef = EFC0C1421A29DD5D0080BA0E /* main.m */; };
/* End PBXBuildFile section */

/* Begin PBXFileReference section */
		D615A80D1F73F9350091F746 /* CoreGraphics.framework */ = {isa = PBXFileReference; lastKnownFileType = wrapper.framework; name = CoreGraphics.framework; path = System/Library/Frameworks/CoreGraphics.framework; sourceTree = SDKROOT; };
		D615A80E1F73F9350091F746 /* Foundation.framework */ = {isa = PBXFileReference; lastKnownFileType = wrapper.framework; name = Foundation.framework; path = System/Library/Frameworks/Foundation.framework; sourceTree = SDKROOT; };
		D615A80F1F73F9350091F746 /* UIKit.framework */ = {isa = PBXFileReference; lastKnownFileType = wrapper.framework; name = UIKit.framework; path = System/Library/Frameworks/UIKit.framework; sourceTree = SDKROOT; };
		D615A8171F73FFDF0091F746 /* jedu_do_pici_stadyma.m4a */ = {isa = PBXFileReference; lastKnownFileType = file; path = jedu_do_pici_stadyma.m4a; sourceTree = "<group>"; };
		D615A8181F73FFDF0091F746 /* ani_za_kokot_vole.m4a */ = {isa = PBXFileReference; lastKnownFileType = file; path = ani_za_kokot_vole.m4a; sourceTree = "<group>"; };
		D615A8191F73FFDF0091F746 /* kurva_do_pice_to_neni_mozne.m4a */ = {isa = PBXFileReference; lastKnownFileType = file; path = kurva_do_pice_to_neni_mozne.m4a; sourceTree = "<group>"; };
		D615A81A1F73FFDF0091F746 /* tuto_picu_potrebuju_utahnout.m4a */ = {isa = PBXFileReference; lastKnownFileType = file; path = tuto_picu_potrebuju_utahnout.m4a; sourceTree = "<group>"; };
		D615A81B1F73FFDF0091F746 /* ja_se_z_toho_musim_pojebat.m4a */ = {isa = PBXFileReference; lastKnownFileType = file; path = ja_se_z_toho_musim_pojebat.m4a; sourceTree = "<group>"; };
		D615A81C1F73FFDF0091F746 /* kurva.m4a */ = {isa = PBXFileReference; lastKnownFileType = file; path = kurva.m4a; sourceTree = "<group>"; };
		D615A81D1F73FFDF0091F746 /* past_vedle_pasti_pico.m4a */ = {isa = PBXFileReference; lastKnownFileType = file; path = past_vedle_pasti_pico.m4a; sourceTree = "<group>"; };
		D615A81E1F73FFDF0091F746 /* ani_ocko_nenasadis.m4a */ = {isa = PBXFileReference; lastKnownFileType = file; path = ani_ocko_nenasadis.m4a; sourceTree = "<group>"; };
		D615A81F1F73FFDF0091F746 /* nejvetsi_blbec_na_zemekouli.m4a */ = {isa = PBXFileReference; lastKnownFileType = file; path = nejvetsi_blbec_na_zemekouli.m4a; sourceTree = "<group>"; };
		D615A8201F73FFDF0091F746 /* tady_musis_vsechno_rozdelat.m4a */ = {isa = PBXFileReference; lastKnownFileType = file; path = tady_musis_vsechno_rozdelat.m4a; sourceTree = "<group>"; };
		D615A8211F73FFDF0091F746 /* jedinou_picovinku.m4a */ = {isa = PBXFileReference; lastKnownFileType = file; path = jedinou_picovinku.m4a; sourceTree = "<group>"; };
		D615A8221F73FFDF0091F746 /* do_pice.m4a */ = {isa = PBXFileReference; lastKnownFileType = file; path = do_pice.m4a; sourceTree = "<group>"; };
		D615A8231F73FFE00091F746 /* to_neni_normalni_kurva.m4a */ = {isa = PBXFileReference; lastKnownFileType = file; path = to_neni_normalni_kurva.m4a; sourceTree = "<group>"; };
		D615A8241F73FFE00091F746 /* hosi_to_je_neuveritelne.m4a */ = {isa = PBXFileReference; lastKnownFileType = file; path = hosi_to_je_neuveritelne.m4a; sourceTree = "<group>"; };
		D615A8251F73FFE00091F746 /* to_sou_nervy_ty_pico.m4a */ = {isa = PBXFileReference; lastKnownFileType = file; path = to_sou_nervy_ty_pico.m4a; sourceTree = "<group>"; };
		D615A8261F73FFE00091F746 /* neresitelny_problem_hosi.m4a */ = {isa = PBXFileReference; lastKnownFileType = file; path = neresitelny_problem_hosi.m4a; sourceTree = "<group>"; };
		D615A8271F73FFE00091F746 /* abych_mohl_toto.m4a */ = {isa = PBXFileReference; lastKnownFileType = file; path = abych_mohl_toto.m4a; sourceTree = "<group>"; };
		D615A8281F73FFE00091F746 /* ja_to_nejdu_delat.m4a */ = {isa = PBXFileReference; lastKnownFileType = file; path = ja_to_nejdu_delat.m4a; sourceTree = "<group>"; };
		D615A8291F73FFE00091F746 /* ja_to_mrdam.m4a */ = {isa = PBXFileReference; lastKnownFileType = file; path = ja_to_mrdam.m4a; sourceTree = "<group>"; };
		D615A82A1F73FFE00091F746 /* nebudu_to_delat.m4a */ = {isa = PBXFileReference; lastKnownFileType = file; path = nebudu_to_delat.m4a; sourceTree = "<group>"; };
		D615A82B1F73FFE00091F746 /* nenasadim.m4a */ = {isa = PBXFileReference; lastKnownFileType = file; path = nenasadim.m4a; sourceTree = "<group>"; };
		D615A82C1F73FFE00091F746 /* nevim_jak.m4a */ = {isa = PBXFileReference; lastKnownFileType = file; path = nevim_jak.m4a; sourceTree = "<group>"; };
		D615A82D1F73FFE10091F746 /* ne_nenasadis_ho.m4a */ = {isa = PBXFileReference; lastKnownFileType = file; path = ne_nenasadis_ho.m4a; sourceTree = "<group>"; };
		D615A82E1F73FFE10091F746 /* kurva_uz.m4a */ = {isa = PBXFileReference; lastKnownFileType = file; path = kurva_uz.m4a; sourceTree = "<group>"; };
		D615A82F1F73FFE10091F746 /* okamzite_zabit_ty_kurvy.m4a */ = {isa = PBXFileReference; lastKnownFileType = file; path = okamzite_zabit_ty_kurvy.m4a; sourceTree = "<group>"; };
		D615A8301F73FFE10091F746 /* zasrane_zamrdane.m4a */ = {isa = PBXFileReference; lastKnownFileType = file; path = zasrane_zamrdane.m4a; sourceTree = "<group>"; };
		D615A8311F73FFE10091F746 /* banalni_vec.m4a */ = {isa = PBXFileReference; lastKnownFileType = file; path = banalni_vec.m4a; sourceTree = "<group>"; };
		D615A8321F73FFE10091F746 /* to_je_pico_nemozne.m4a */ = {isa = PBXFileReference; lastKnownFileType = file; path = to_je_pico_nemozne.m4a; sourceTree = "<group>"; };
		D615A8331F73FFE20091F746 /* hajzli_jedni.m4a */ = {isa = PBXFileReference; lastKnownFileType = file; path = hajzli_jedni.m4a; sourceTree = "<group>"; };
		D615A8341F73FFE20091F746 /* pockej_kamo.m4a */ = {isa = PBXFileReference; lastKnownFileType = file; path = pockej_kamo.m4a; sourceTree = "<group>"; };
		D615A8551F7400850091F746 /* AVFoundation.framework */ = {isa = PBXFileReference; lastKnownFileType = wrapper.framework; name = AVFoundation.framework; path = System/Library/Frameworks/AVFoundation.framework; sourceTree = SDKROOT; };
		EF0725F81A4728BB003A6941 /* I Love My Job-Prefix.pch */ = {isa = PBXFileReference; fileEncoding = 4; lastKnownFileType = sourcecode.c.h; name = "I Love My Job-Prefix.pch"; path = "I Love My Job/I Love My Job-Prefix.pch"; sourceTree = SOURCE_ROOT; };
		EF21A91F1F731CFE00DE8197 /* LaunchScreen.storyboard */ = {isa = PBXFileReference; fileEncoding = 4; lastKnownFileType = file.storyboard; path = LaunchScreen.storyboard; sourceTree = "<group>"; };
		EF7482A21A294E310061C49F /* Default-568h@2x.png */ = {isa = PBXFileReference; lastKnownFileType = image.png; path = "Default-568h@2x.png"; sourceTree = "<group>"; };
		EF7482A31A294E310061C49F /* Default@2x.png */ = {isa = PBXFileReference; lastKnownFileType = image.png; path = "Default@2x.png"; sourceTree = "<group>"; };
		EF7482A71A2952670061C49F /* Icon@2x.png */ = {isa = PBXFileReference; lastKnownFileType = image.png; path = "Icon@2x.png"; sourceTree = "<group>"; };
		EF7482FC1A2965C30061C49F /* title@2x.png */ = {isa = PBXFileReference; lastKnownFileType = image.png; path = "title@2x.png"; sourceTree = "<group>"; };
		EFAC0AEA1A29098F00AEA729 /* I Love My Job.app */ = {isa = PBXFileReference; explicitFileType = wrapper.application; includeInIndex = 0; path = "I Love My Job.app"; sourceTree = BUILT_PRODUCTS_DIR; };
		EFC0C1361A29DD210080BA0E /* AppDelegate.h */ = {isa = PBXFileReference; fileEncoding = 4; lastKnownFileType = sourcecode.c.h; path = AppDelegate.h; sourceTree = "<group>"; };
		EFC0C1371A29DD210080BA0E /* AppDelegate.m */ = {isa = PBXFileReference; fileEncoding = 4; lastKnownFileType = sourcecode.c.objc; path = AppDelegate.m; sourceTree = "<group>"; };
		EFC0C1381A29DD210080BA0E /* ViewController.h */ = {isa = PBXFileReference; fileEncoding = 4; lastKnownFileType = sourcecode.c.h; path = ViewController.h; sourceTree = "<group>"; };
		EFC0C1391A29DD210080BA0E /* ViewController.m */ = {isa = PBXFileReference; fileEncoding = 4; lastKnownFileType = sourcecode.c.objc; path = ViewController.m; sourceTree = "<group>"; };
		EFC0C1411A29DD5D0080BA0E /* Info.plist */ = {isa = PBXFileReference; fileEncoding = 4; lastKnownFileType = text.plist.xml; name = Info.plist; path = "I Love My Job/Info.plist"; sourceTree = SOURCE_ROOT; };
		EFC0C1421A29DD5D0080BA0E /* main.m */ = {isa = PBXFileReference; fileEncoding = 4; lastKnownFileType = sourcecode.c.objc; name = main.m; path = "I Love My Job/main.m"; sourceTree = SOURCE_ROOT; };
/* End PBXFileReference section */

/* Begin PBXFrameworksBuildPhase section */
		EFAC0AE71A29098F00AEA729 /* Frameworks */ = {
			isa = PBXFrameworksBuildPhase;
			buildActionMask = 2147483647;
			files = (
				D615A8561F74008C0091F746 /* AVFoundation.framework in Frameworks */,
				D615A8121F73F9490091F746 /* CoreGraphics.framework in Frameworks */,
				D615A8101F73F9450091F746 /* Foundation.framework in Frameworks */,
				D615A8111F73F9470091F746 /* UIKit.framework in Frameworks */,
			);
			runOnlyForDeploymentPostprocessing = 0;
		};
/* End PBXFrameworksBuildPhase section */

/* Begin PBXGroup section */
		D615A8031F73F90D0091F746 /* Frameworks */ = {
			isa = PBXGroup;
			children = (
			);
			name = Frameworks;
			sourceTree = "<group>";
		};
		EF7482A01A294E310061C49F /* Resources */ = {
			isa = PBXGroup;
			children = (
				EF7482A61A2952670061C49F /* Icons */,
				EF7482A11A294E310061C49F /* Images */,
				EF7482B01A295B2E0061C49F /* Sounds */,
			);
			path = Resources;
			sourceTree = "<group>";
		};
		EF7482A11A294E310061C49F /* Images */ = {
			isa = PBXGroup;
			children = (
				EF7482A21A294E310061C49F /* Default-568h@2x.png */,
				EF7482A31A294E310061C49F /* Default@2x.png */,
				EF7482FC1A2965C30061C49F /* title@2x.png */,
				EF21A91F1F731CFE00DE8197 /* LaunchScreen.storyboard */,
			);
			path = Images;
			sourceTree = "<group>";
		};
		EF7482A61A2952670061C49F /* Icons */ = {
			isa = PBXGroup;
			children = (
				EF7482A71A2952670061C49F /* Icon@2x.png */,
			);
			path = Icons;
			sourceTree = "<group>";
		};
		EF7482A91A295AB90061C49F /* Frameworks */ = {
			isa = PBXGroup;
			children = (
				D615A8551F7400850091F746 /* AVFoundation.framework */,
				D615A80D1F73F9350091F746 /* CoreGraphics.framework */,
				D615A80E1F73F9350091F746 /* Foundation.framework */,
				D615A80F1F73F9350091F746 /* UIKit.framework */,
			);
			path = Frameworks;
			sourceTree = "<group>";
		};
		EF7482B01A295B2E0061C49F /* Sounds */ = {
			isa = PBXGroup;
			children = (
				D615A8271F73FFE00091F746 /* abych_mohl_toto.m4a */,
				D615A81E1F73FFDF0091F746 /* ani_ocko_nenasadis.m4a */,
				D615A8181F73FFDF0091F746 /* ani_za_kokot_vole.m4a */,
				D615A8311F73FFE10091F746 /* banalni_vec.m4a */,
				D615A8221F73FFDF0091F746 /* do_pice.m4a */,
				D615A8331F73FFE20091F746 /* hajzli_jedni.m4a */,
				D615A8241F73FFE00091F746 /* hosi_to_je_neuveritelne.m4a */,
				D615A81B1F73FFDF0091F746 /* ja_se_z_toho_musim_pojebat.m4a */,
				D615A8291F73FFE00091F746 /* ja_to_mrdam.m4a */,
				D615A8281F73FFE00091F746 /* ja_to_nejdu_delat.m4a */,
				D615A8211F73FFDF0091F746 /* jedinou_picovinku.m4a */,
				D615A8171F73FFDF0091F746 /* jedu_do_pici_stadyma.m4a */,
				D615A8191F73FFDF0091F746 /* kurva_do_pice_to_neni_mozne.m4a */,
				D615A82E1F73FFE10091F746 /* kurva_uz.m4a */,
				D615A81C1F73FFDF0091F746 /* kurva.m4a */,
				D615A82D1F73FFE10091F746 /* ne_nenasadis_ho.m4a */,
				D615A82A1F73FFE00091F746 /* nebudu_to_delat.m4a */,
				D615A81F1F73FFDF0091F746 /* nejvetsi_blbec_na_zemekouli.m4a */,
				D615A82B1F73FFE00091F746 /* nenasadim.m4a */,
				D615A8261F73FFE00091F746 /* neresitelny_problem_hosi.m4a */,
				D615A82C1F73FFE00091F746 /* nevim_jak.m4a */,
				D615A82F1F73FFE10091F746 /* okamzite_zabit_ty_kurvy.m4a */,
				D615A81D1F73FFDF0091F746 /* past_vedle_pasti_pico.m4a */,
				D615A8341F73FFE20091F746 /* pockej_kamo.m4a */,
				D615A8201F73FFDF0091F746 /* tady_musis_vsechno_rozdelat.m4a */,
				D615A8321F73FFE10091F746 /* to_je_pico_nemozne.m4a */,
				D615A8231F73FFE00091F746 /* to_neni_normalni_kurva.m4a */,
				D615A8251F73FFE00091F746 /* to_sou_nervy_ty_pico.m4a */,
				D615A81A1F73FFDF0091F746 /* tuto_picu_potrebuju_utahnout.m4a */,
				D615A8301F73FFE10091F746 /* zasrane_zamrdane.m4a */,
			);
			path = Sounds;
			sourceTree = "<group>";
		};
		EFAC0AE11A29098F00AEA729 = {
			isa = PBXGroup;
			children = (
				EFAC0AEC1A29098F00AEA729 /* I Love My Job */,
				EFAC0AEB1A29098F00AEA729 /* Products */,
				D615A8031F73F90D0091F746 /* Frameworks */,
			);
			sourceTree = "<group>";
		};
		EFAC0AEB1A29098F00AEA729 /* Products */ = {
			isa = PBXGroup;
			children = (
				EFAC0AEA1A29098F00AEA729 /* I Love My Job.app */,
			);
			name = Products;
			sourceTree = "<group>";
		};
		EFAC0AEC1A29098F00AEA729 /* I Love My Job */ = {
			isa = PBXGroup;
			children = (
				EFC0C1351A29DD210080BA0E /* Classes */,
				EF7482A91A295AB90061C49F /* Frameworks */,
				EF7482A01A294E310061C49F /* Resources */,
				EFC0C13C1A29DD2D0080BA0E /* Supporting Files */,
			);
			path = "I Love My Job";
			sourceTree = "<group>";
		};
		EFC0C1351A29DD210080BA0E /* Classes */ = {
			isa = PBXGroup;
			children = (
				EFC0C1361A29DD210080BA0E /* AppDelegate.h */,
				EFC0C1371A29DD210080BA0E /* AppDelegate.m */,
				EFC0C1381A29DD210080BA0E /* ViewController.h */,
				EFC0C1391A29DD210080BA0E /* ViewController.m */,
			);
			path = Classes;
			sourceTree = "<group>";
		};
		EFC0C13C1A29DD2D0080BA0E /* Supporting Files */ = {
			isa = PBXGroup;
			children = (
				EF0725F81A4728BB003A6941 /* I Love My Job-Prefix.pch */,
				EFC0C1411A29DD5D0080BA0E /* Info.plist */,
				EFC0C1421A29DD5D0080BA0E /* main.m */,
			);
			path = "Supporting Files";
			sourceTree = "<group>";
		};
/* End PBXGroup section */

/* Begin PBXNativeTarget section */
		EFAC0AE91A29098F00AEA729 /* I Love My Job */ = {
			isa = PBXNativeTarget;
			buildConfigurationList = EFAC0B0D1A29098F00AEA729 /* Build configuration list for PBXNativeTarget "I Love My Job" */;
			buildPhases = (
				EFAC0AE61A29098F00AEA729 /* Sources */,
				EFAC0AE71A29098F00AEA729 /* Frameworks */,
				EFAC0AE81A29098F00AEA729 /* Resources */,
			);
			buildRules = (
			);
			dependencies = (
			);
			name = "I Love My Job";
			productName = "I Love My Job";
			productReference = EFAC0AEA1A29098F00AEA729 /* I Love My Job.app */;
			productType = "com.apple.product-type.application";
		};
/* End PBXNativeTarget section */

/* Begin PBXProject section */
		EFAC0AE21A29098F00AEA729 /* Project object */ = {
			isa = PBXProject;
			attributes = {
				LastUpgradeCheck = 0900;
				ORGANIZATIONNAME = Michi;
				TargetAttributes = {
					EFAC0AE91A29098F00AEA729 = {
						CreatedOnToolsVersion = 6.1;
						DevelopmentTeam = BQ7YQ94D2F;
						ProvisioningStyle = Automatic;
					};
				};
			};
			buildConfigurationList = EFAC0AE51A29098F00AEA729 /* Build configuration list for PBXProject "I Love My Job" */;
			compatibilityVersion = "Xcode 8.0";
			developmentRegion = English;
			hasScannedForEncodings = 0;
			knownRegions = (
				en,
				Base,
			);
			mainGroup = EFAC0AE11A29098F00AEA729;
			productRefGroup = EFAC0AEB1A29098F00AEA729 /* Products */;
			projectDirPath = "";
			projectRoot = "";
			targets = (
				EFAC0AE91A29098F00AEA729 /* I Love My Job */,
			);
		};
/* End PBXProject section */

/* Begin PBXResourcesBuildPhase section */
		EFAC0AE81A29098F00AEA729 /* Resources */ = {
			isa = PBXResourcesBuildPhase;
			buildActionMask = 2147483647;
			files = (
				EF21A9201F731CFE00DE8197 /* LaunchScreen.storyboard in Resources */,
				D615A83E1F73FFE20091F746 /* tady_musis_vsechno_rozdelat.m4a in Resources */,
				D615A8431F73FFE20091F746 /* to_sou_nervy_ty_pico.m4a in Resources */,
				EF7482A51A294E310061C49F /* Default@2x.png in Resources */,
				EF7482FD1A2965C30061C49F /* title@2x.png in Resources */,
				D615A8381F73FFE20091F746 /* tuto_picu_potrebuju_utahnout.m4a in Resources */,
				D615A8461F73FFE20091F746 /* ja_to_nejdu_delat.m4a in Resources */,
				EF7482A81A2952670061C49F /* Icon@2x.png in Resources */,
				D615A84E1F73FFE20091F746 /* zasrane_zamrdane.m4a in Resources */,
				D615A8441F73FFE20091F746 /* neresitelny_problem_hosi.m4a in Resources */,
				D615A8521F73FFE20091F746 /* pockej_kamo.m4a in Resources */,
				D615A84A1F73FFE20091F746 /* nevim_jak.m4a in Resources */,
				D615A8351F73FFE20091F746 /* jedu_do_pici_stadyma.m4a in Resources */,
				D615A83B1F73FFE20091F746 /* past_vedle_pasti_pico.m4a in Resources */,
				D615A84D1F73FFE20091F746 /* okamzite_zabit_ty_kurvy.m4a in Resources */,
				D615A8391F73FFE20091F746 /* ja_se_z_toho_musim_pojebat.m4a in Resources */,
				D615A84B1F73FFE20091F746 /* ne_nenasadis_ho.m4a in Resources */,
				D615A8471F73FFE20091F746 /* ja_to_mrdam.m4a in Resources */,
				D615A8501F73FFE20091F746 /* to_je_pico_nemozne.m4a in Resources */,
				D615A84F1F73FFE20091F746 /* banalni_vec.m4a in Resources */,
				D615A8411F73FFE20091F746 /* to_neni_normalni_kurva.m4a in Resources */,
				D615A83C1F73FFE20091F746 /* ani_ocko_nenasadis.m4a in Resources */,
				D615A8511F73FFE20091F746 /* hajzli_jedni.m4a in Resources */,
				D615A8421F73FFE20091F746 /* hosi_to_je_neuveritelne.m4a in Resources */,
				D615A83F1F73FFE20091F746 /* jedinou_picovinku.m4a in Resources */,
				D615A8491F73FFE20091F746 /* nenasadim.m4a in Resources */,
				D615A84C1F73FFE20091F746 /* kurva_uz.m4a in Resources */,
				D615A8481F73FFE20091F746 /* nebudu_to_delat.m4a in Resources */,
				D615A8371F73FFE20091F746 /* kurva_do_pice_to_neni_mozne.m4a in Resources */,
				D615A83D1F73FFE20091F746 /* nejvetsi_blbec_na_zemekouli.m4a in Resources */,
				EF7482A41A294E310061C49F /* Default-568h@2x.png in Resources */,
				D615A83A1F73FFE20091F746 /* kurva.m4a in Resources */,
				D615A8401F73FFE20091F746 /* do_pice.m4a in Resources */,
				D615A8451F73FFE20091F746 /* abych_mohl_toto.m4a in Resources */,
				D615A8361F73FFE20091F746 /* ani_za_kokot_vole.m4a in Resources */,
			);
			runOnlyForDeploymentPostprocessing = 0;
		};
/* End PBXResourcesBuildPhase section */

/* Begin PBXSourcesBuildPhase section */
		EFAC0AE61A29098F00AEA729 /* Sources */ = {
			isa = PBXSourcesBuildPhase;
			buildActionMask = 2147483647;
			files = (
				EFC0C1441A29DD5D0080BA0E /* main.m in Sources */,
				EFC0C13B1A29DD210080BA0E /* ViewController.m in Sources */,
				EFC0C13A1A29DD210080BA0E /* AppDelegate.m in Sources */,
			);
			runOnlyForDeploymentPostprocessing = 0;
		};
/* End PBXSourcesBuildPhase section */

/* Begin XCBuildConfiguration section */
		EFAC0B0B1A29098F00AEA729 /* Debug */ = {
			isa = XCBuildConfiguration;
			buildSettings = {
				ALWAYS_SEARCH_USER_PATHS = NO;
				CLANG_ENABLE_OBJC_ARC = YES;
				CLANG_WARN_BLOCK_CAPTURE_AUTORELEASING = YES;
				CLANG_WARN_BOOL_CONVERSION = YES;
				CLANG_WARN_COMMA = YES;
				CLANG_WARN_CONSTANT_CONVERSION = YES;
				CLANG_WARN_DIRECT_OBJC_ISA_USAGE = YES_ERROR;
				CLANG_WARN_EMPTY_BODY = YES;
				CLANG_WARN_ENUM_CONVERSION = YES;
				CLANG_WARN_INFINITE_RECURSION = YES;
				CLANG_WARN_INT_CONVERSION = YES;
				CLANG_WARN_NON_LITERAL_NULL_CONVERSION = YES;
				CLANG_WARN_OBJC_LITERAL_CONVERSION = YES;
				CLANG_WARN_OBJC_ROOT_CLASS = YES_ERROR;
				CLANG_WARN_RANGE_LOOP_ANALYSIS = YES;
				CLANG_WARN_STRICT_PROTOTYPES = YES;
				CLANG_WARN_SUSPICIOUS_MOVE = YES;
				CLANG_WARN_UNREACHABLE_CODE = YES;
				CLANG_WARN__DUPLICATE_METHOD_MATCH = YES;
				"CODE_SIGN_IDENTITY[sdk=iphoneos*]" = "iPhone Developer";
				COMPRESS_PNG_FILES = NO;
				COPY_PHASE_STRIP = NO;
				ENABLE_BITCODE = NO;
				ENABLE_STRICT_OBJC_MSGSEND = YES;
				GCC_DYNAMIC_NO_PIC = NO;
				GCC_NO_COMMON_BLOCKS = YES;
				GCC_OPTIMIZATION_LEVEL = 0;
				GCC_PRECOMPILE_PREFIX_HEADER = YES;
				GCC_PREFIX_HEADER = "$(PROJECT_NAME)/$(PROJECT_NAME)-Prefix.pch";
				GCC_PREPROCESSOR_DEFINITIONS = (
					"DEBUG=1",
					"$(inherited)",
				);
				GCC_SYMBOLS_PRIVATE_EXTERN = NO;
				GCC_WARN_64_TO_32_BIT_CONVERSION = YES;
				GCC_WARN_ABOUT_RETURN_TYPE = YES_ERROR;
				GCC_WARN_UNDECLARED_SELECTOR = YES;
				GCC_WARN_UNINITIALIZED_AUTOS = YES_AGGRESSIVE;
				GCC_WARN_UNUSED_FUNCTION = YES;
				GCC_WARN_UNUSED_VARIABLE = YES;
				IPHONEOS_DEPLOYMENT_TARGET = 8.0;
				ONLY_ACTIVE_ARCH = YES;
				OTHER_LDFLAGS = "-ObjC";
				SCAN_ALL_SOURCE_FILES_FOR_INCLUDES = YES;
				SDKROOT = iphoneos;
				STRIP_INSTALLED_PRODUCT = NO;
			};
			name = Debug;
		};
		EFAC0B0C1A29098F00AEA729 /* Release */ = {
			isa = XCBuildConfiguration;
			buildSettings = {
				ALWAYS_SEARCH_USER_PATHS = NO;
				CLANG_ENABLE_OBJC_ARC = YES;
				CLANG_WARN_BLOCK_CAPTURE_AUTORELEASING = YES;
				CLANG_WARN_BOOL_CONVERSION = YES;
				CLANG_WARN_COMMA = YES;
				CLANG_WARN_CONSTANT_CONVERSION = YES;
				CLANG_WARN_DIRECT_OBJC_ISA_USAGE = YES_ERROR;
				CLANG_WARN_EMPTY_BODY = YES;
				CLANG_WARN_ENUM_CONVERSION = YES;
				CLANG_WARN_INFINITE_RECURSION = YES;
				CLANG_WARN_INT_CONVERSION = YES;
				CLANG_WARN_NON_LITERAL_NULL_CONVERSION = YES;
				CLANG_WARN_OBJC_LITERAL_CONVERSION = YES;
				CLANG_WARN_OBJC_ROOT_CLASS = YES_ERROR;
				CLANG_WARN_RANGE_LOOP_ANALYSIS = YES;
				CLANG_WARN_STRICT_PROTOTYPES = YES;
				CLANG_WARN_SUSPICIOUS_MOVE = YES;
				CLANG_WARN_UNREACHABLE_CODE = YES;
				CLANG_WARN__DUPLICATE_METHOD_MATCH = YES;
				"CODE_SIGN_IDENTITY[sdk=iphoneos*]" = "iPhone Developer";
				COMPRESS_PNG_FILES = NO;
				COPY_PHASE_STRIP = YES;
				ENABLE_BITCODE = NO;
				ENABLE_NS_ASSERTIONS = NO;
				ENABLE_STRICT_OBJC_MSGSEND = YES;
				GCC_NO_COMMON_BLOCKS = YES;
				GCC_PRECOMPILE_PREFIX_HEADER = YES;
				GCC_PREFIX_HEADER = "$(PROJECT_NAME)/$(PROJECT_NAME)-Prefix.pch";
				GCC_WARN_64_TO_32_BIT_CONVERSION = YES;
				GCC_WARN_ABOUT_RETURN_TYPE = YES_ERROR;
				GCC_WARN_UNDECLARED_SELECTOR = YES;
				GCC_WARN_UNINITIALIZED_AUTOS = YES_AGGRESSIVE;
				GCC_WARN_UNUSED_FUNCTION = YES;
				GCC_WARN_UNUSED_VARIABLE = YES;
				IPHONEOS_DEPLOYMENT_TARGET = 8.0;
				OTHER_LDFLAGS = "-ObjC";
				SCAN_ALL_SOURCE_FILES_FOR_INCLUDES = YES;
				SDKROOT = iphoneos;
				VALIDATE_PRODUCT = YES;
			};
			name = Release;
		};
		EFAC0B0E1A29098F00AEA729 /* Debug */ = {
			isa = XCBuildConfiguration;
			buildSettings = {
				ASSETCATALOG_COMPILER_APPICON_NAME = AppIcon;
				CODE_SIGN_IDENTITY = "iPhone Developer";
				"CODE_SIGN_IDENTITY[sdk=iphoneos*]" = "iPhone Developer";
				DEVELOPMENT_TEAM = BQ7YQ94D2F;
				FRAMEWORK_SEARCH_PATHS = (
					"$(inherited)",
					"\"$(PROJECT_DIR)\"/**",
				);
				INFOPLIST_FILE = "I Love My Job/Info.plist";
				LD_RUNPATH_SEARCH_PATHS = "$(inherited) @executable_path/Frameworks";
				PRODUCT_BUNDLE_IDENTIFIER = net.misacek.ilovemyjob;
				PRODUCT_NAME = "$(TARGET_NAME)";
			};
			name = Debug;
		};
		EFAC0B0F1A29098F00AEA729 /* Release */ = {
			isa = XCBuildConfiguration;
			buildSettings = {
				ASSETCATALOG_COMPILER_APPICON_NAME = AppIcon;
				CODE_SIGN_IDENTITY = "iPhone Developer";
				"CODE_SIGN_IDENTITY[sdk=iphoneos*]" = "iPhone Developer";
				DEVELOPMENT_TEAM = BQ7YQ94D2F;
				FRAMEWORK_SEARCH_PATHS = (
					"$(inherited)",
					"\"$(PROJECT_DIR)\"/**",
				);
				INFOPLIST_FILE = "I Love My Job/Info.plist";
				LD_RUNPATH_SEARCH_PATHS = "$(inherited) @executable_path/Frameworks";
				PRODUCT_BUNDLE_IDENTIFIER = net.misacek.ilovemyjob;
				PRODUCT_NAME = "$(TARGET_NAME)";
			};
			name = Release;
		};
/* End XCBuildConfiguration section */

/* Begin XCConfigurationList section */
		EFAC0AE51A29098F00AEA729 /* Build configuration list for PBXProject "I Love My Job" */ = {
			isa = XCConfigurationList;
			buildConfigurations = (
				EFAC0B0B1A29098F00AEA729 /* Debug */,
				EFAC0B0C1A29098F00AEA729 /* Release */,
			);
			defaultConfigurationIsVisible = 0;
			defaultConfigurationName = Release;
		};
		EFAC0B0D1A29098F00AEA729 /* Build configuration list for PBXNativeTarget "I Love My Job" */ = {
			isa = XCConfigurationList;
			buildConfigurations = (
				EFAC0B0E1A29098F00AEA729 /* Debug */,
				EFAC0B0F1A29098F00AEA729 /* Release */,
			);
			defaultConfigurationIsVisible = 0;
			defaultConfigurationName = Release;
		};
/* End XCConfigurationList section */
	};
	rootObject = EFAC0AE21A29098F00AEA729 /* Project object */;
}
